# THIS IS AN AUTOGENERATED FILE. DO NOT EDIT THIS FILE DIRECTLY.
# yarn lockfile v1


ansi-styles@~1.0.0:
  version "1.0.0"
  resolved "https://registry.yarnpkg.com/ansi-styles/-/ansi-styles-1.0.0.tgz#cb102df1c56f5123eab8b67cd7b98027a0279178"

balanced-match@^1.0.0:
  version "1.0.0"
  resolved "https://registry.yarnpkg.com/balanced-match/-/balanced-match-1.0.0.tgz#89b4d199ab2bee49de164ea02b89ce462d71b767"

brace-expansion@^1.1.7:
  version "1.1.11"
  resolved "https://registry.yarnpkg.com/brace-expansion/-/brace-expansion-1.1.11.tgz#3c7fcbf529d87226f3d2f52b966ff5271eb441dd"
  dependencies:
    balanced-match "^1.0.0"
    concat-map "0.0.1"

chalk@~0.4.0:
  version "0.4.0"
  resolved "https://registry.yarnpkg.com/chalk/-/chalk-0.4.0.tgz#5199a3ddcd0c1efe23bc08c1b027b06176e0c64f"
  dependencies:
    ansi-styles "~1.0.0"
    has-color "~0.1.0"
    strip-ansi "~0.1.0"

colors@1.2.4:
  version "1.2.4"
  resolved "https://registry.yarnpkg.com/colors/-/colors-1.2.4.tgz#e0cb41d3e4b20806b3bfc27f4559f01b94bc2f7c"

colors@^1.1.2:
  version "1.2.1"
  resolved "https://registry.yarnpkg.com/colors/-/colors-1.2.1.tgz#f4a3d302976aaf042356ba1ade3b1a2c62d9d794"

concat-map@0.0.1:
  version "0.0.1"
  resolved "https://registry.yarnpkg.com/concat-map/-/concat-map-0.0.1.tgz#d8a96bd77fd68df7793a73036a3ba0d5405d477b"

conditional-file-append@^1.0.0:
  version "1.0.0"
  resolved "https://registry.yarnpkg.com/conditional-file-append/-/conditional-file-append-1.0.0.tgz#a9682a6bfd89cffb40c3ab6d7a3253128ec01422"

core-js@^2.5.7:
  version "2.5.7"
  resolved "https://registry.yarnpkg.com/core-js/-/core-js-2.5.7.tgz#f972608ff0cead68b841a16a932d0b183791814e"

custom-event-polyfill@^1.0.6:
  version "1.0.6"
  resolved "https://registry.yarnpkg.com/custom-event-polyfill/-/custom-event-polyfill-1.0.6.tgz#6b026e81cd9f7bc896bd6b016a427407bb068db1"

finf@0.0.1:
  version "0.0.1"
  resolved "https://registry.yarnpkg.com/finf/-/finf-0.0.1.tgz#1cd85f2499dc2900cad6263859f57f6b5a4522a3"

glue-path@0.0.4:
  version "0.0.4"
  resolved "https://registry.yarnpkg.com/glue-path/-/glue-path-0.0.4.tgz#b55c820f6d5a598151c4fea100233a8fd73631eb"
  dependencies:
    is-plain-obj "^1.0.0"

has-color@~0.1.0:
  version "0.1.7"
  resolved "https://registry.yarnpkg.com/has-color/-/has-color-0.1.7.tgz#67144a5260c34fc3cca677d041daf52fe7b78b2f"

is-plain-obj@^1.0.0:
  version "1.1.0"
  resolved "https://registry.yarnpkg.com/is-plain-obj/-/is-plain-obj-1.1.0.tgz#71a50c8429dfca773c92a390a4a03b39fcd51d3e"

loadjs@^3.5.4:
  version "3.5.4"
  resolved "https://registry.yarnpkg.com/loadjs/-/loadjs-3.5.4.tgz#ef0f4eb5a6ac2b86c7597a3d4de97b83816e36b8"

minimatch@3.0.4:
  version "3.0.4"
  resolved "https://registry.yarnpkg.com/minimatch/-/minimatch-3.0.4.tgz#5166e286457f03306064be5497e8dbb0c3d32083"
  dependencies:
    brace-expansion "^1.1.7"

nomnom@1.8.1:
  version "1.8.1"
  resolved "https://registry.yarnpkg.com/nomnom/-/nomnom-1.8.1.tgz#2151f722472ba79e50a76fc125bb8c8f2e4dc2a7"
  dependencies:
    chalk "~0.4.0"
    underscore "~1.6.0"

plyr@^3.4.4:
  version "3.4.4"
  resolved "https://registry.yarnpkg.com/plyr/-/plyr-3.4.4.tgz#2c1de389f3599f2cfa978ee3fc6e401ecf4cd4b9"
  dependencies:
    core-js "^2.5.7"
    custom-event-polyfill "^1.0.6"
    loadjs "^3.5.4"
    raven-js "^3.27.0"
    url-polyfill "^1.1.0"

raven-js@^3.27.0:
  version "3.27.0"
  resolved "https://registry.yarnpkg.com/raven-js/-/raven-js-3.27.0.tgz#9f47c03e17933ce756e189f3669d49c441c1ba6e"

rename-files@0.0.2:
  version "0.0.2"
  resolved "https://registry.yarnpkg.com/rename-files/-/rename-files-0.0.2.tgz#2acc5ec2d0275e108eaf6ec6482be8afd40125ed"
  dependencies:
    finf "0.0.1"
    glue-path "0.0.4"
    semafor "0.0.1"

replace@^1.0.0:
  version "1.0.0"
  resolved "https://registry.yarnpkg.com/replace/-/replace-1.0.0.tgz#da5235cc6d64d5c3a74e4ef73b487aad0f79a74b"
  dependencies:
    colors "1.2.4"
    minimatch "3.0.4"
    nomnom "1.8.1"

semafor@0.0.1:
  version "0.0.1"
  resolved "https://registry.yarnpkg.com/semafor/-/semafor-0.0.1.tgz#e5e021ce0ca31d65fcb5d98ab09124d3b9f043f8"
  dependencies:
    colors "^1.1.2"

strip-ansi@~0.1.0:
  version "0.1.1"
  resolved "https://registry.yarnpkg.com/strip-ansi/-/strip-ansi-0.1.1.tgz#39e8a98d044d150660abe4a6808acf70bb7bc991"

underscore@~1.6.0:
  version "1.6.0"
  resolved "https://registry.yarnpkg.com/underscore/-/underscore-1.6.0.tgz#8b38b10cacdef63337b8b24e4ff86d45aea529a8"

url-polyfill@^1.1.0:
  version "1.1.0"
  resolved "https://registry.yarnpkg.com/url-polyfill/-/url-polyfill-1.1.0.tgz#d34e1a596d954b864bc8608f84c592820df422db"
