# THIS IS AN AUTOGENERATED FILE. DO NOT EDIT THIS FILE DIRECTLY.
# yarn lockfile v1


babel-polyfill@^6.26.0:
  version "6.26.0"
  resolved "https://registry.yarnpkg.com/babel-polyfill/-/babel-polyfill-6.26.0.tgz#379937abc67d7895970adc621f284cd966cf2153"
  dependencies:
    babel-runtime "^6.26.0"
    core-js "^2.5.0"
    regenerator-runtime "^0.10.5"

babel-runtime@^6.26.0:
  version "6.26.0"
  resolved "https://registry.yarnpkg.com/babel-runtime/-/babel-runtime-6.26.0.tgz#965c7058668e82b55d7bfe04ff2337bc8b5647fe"
  dependencies:
    core-js "^2.4.0"
    regenerator-runtime "^0.11.0"

colors@0.5.x:
  version "0.5.1"
  resolved "https://registry.yarnpkg.com/colors/-/colors-0.5.1.tgz#7d0023eaeb154e8ee9fce75dcb923d0ed1667774"

colors@^1.1.2:
  version "1.2.1"
  resolved "https://registry.yarnpkg.com/colors/-/colors-1.2.1.tgz#f4a3d302976aaf042356ba1ade3b1a2c62d9d794"

conditional-file-append@^1.0.0:
  version "1.0.0"
  resolved "https://registry.yarnpkg.com/conditional-file-append/-/conditional-file-append-1.0.0.tgz#a9682a6bfd89cffb40c3ab6d7a3253128ec01422"

core-js@^2.4.0, core-js@^2.5.0:
  version "2.5.5"
  resolved "https://registry.yarnpkg.com/core-js/-/core-js-2.5.5.tgz#b14dde936c640c0579a6b50cabcc132dd6127e3b"

custom-event-polyfill@^0.3.0:
  version "0.3.0"
  resolved "https://registry.yarnpkg.com/custom-event-polyfill/-/custom-event-polyfill-0.3.0.tgz#99807839be62edb446b645832e0d80ead6fa1888"

finf@0.0.1:
  version "0.0.1"
  resolved "https://registry.yarnpkg.com/finf/-/finf-0.0.1.tgz#1cd85f2499dc2900cad6263859f57f6b5a4522a3"

glue-path@0.0.4:
  version "0.0.4"
  resolved "https://registry.yarnpkg.com/glue-path/-/glue-path-0.0.4.tgz#b55c820f6d5a598151c4fea100233a8fd73631eb"
  dependencies:
    is-plain-obj "^1.0.0"

is-plain-obj@^1.0.0:
  version "1.1.0"
  resolved "https://registry.yarnpkg.com/is-plain-obj/-/is-plain-obj-1.1.0.tgz#71a50c8429dfca773c92a390a4a03b39fcd51d3e"

loadjs@^3.5.4:
  version "3.5.4"
  resolved "https://registry.yarnpkg.com/loadjs/-/loadjs-3.5.4.tgz#ef0f4eb5a6ac2b86c7597a3d4de97b83816e36b8"

lru-cache@2:
  version "2.7.3"
  resolved "https://registry.yarnpkg.com/lru-cache/-/lru-cache-2.7.3.tgz#6d4524e8b955f95d4f5b58851ce21dd72fb4e952"

minimatch@~0.2.9:
  version "0.2.14"
  resolved "https://registry.yarnpkg.com/minimatch/-/minimatch-0.2.14.tgz#c74e780574f63c6f9a090e90efbe6ef53a6a756a"
  dependencies:
    lru-cache "2"
    sigmund "~1.0.0"

nomnom@1.6.x:
  version "1.6.2"
  resolved "https://registry.yarnpkg.com/nomnom/-/nomnom-1.6.2.tgz#84a66a260174408fc5b77a18f888eccc44fb6971"
  dependencies:
    colors "0.5.x"
    underscore "~1.4.4"

plyr@^3.2.0:
  version "3.2.0"
  resolved "https://registry.yarnpkg.com/plyr/-/plyr-3.2.0.tgz#eaf25bead0d18503482be239d4d0738cc589d001"
  dependencies:
    babel-polyfill "^6.26.0"
    custom-event-polyfill "^0.3.0"
    loadjs "^3.5.4"
    raven-js "^3.24.0"

raven-js@^3.24.0:
  version "3.24.1"
  resolved "https://registry.yarnpkg.com/raven-js/-/raven-js-3.24.1.tgz#7327e08786248517eedd36205bf50f1047821ffa"

regenerator-runtime@^0.10.5:
  version "0.10.5"
  resolved "https://registry.yarnpkg.com/regenerator-runtime/-/regenerator-runtime-0.10.5.tgz#336c3efc1220adcedda2c9fab67b5a7955a33658"

regenerator-runtime@^0.11.0:
  version "0.11.1"
  resolved "https://registry.yarnpkg.com/regenerator-runtime/-/regenerator-runtime-0.11.1.tgz#be05ad7f9bf7d22e056f9726cee5017fbf19e2e9"

rename-files@0.0.2:
  version "0.0.2"
  resolved "https://registry.yarnpkg.com/rename-files/-/rename-files-0.0.2.tgz#2acc5ec2d0275e108eaf6ec6482be8afd40125ed"
  dependencies:
    finf "0.0.1"
    glue-path "0.0.4"
    semafor "0.0.1"

replace@^0.3.0:
  version "0.3.0"
  resolved "https://registry.yarnpkg.com/replace/-/replace-0.3.0.tgz#60081721188658595ab6a794eb7fedcb4c8d39c7"
  dependencies:
    colors "0.5.x"
    minimatch "~0.2.9"
    nomnom "1.6.x"

semafor@0.0.1:
  version "0.0.1"
  resolved "https://registry.yarnpkg.com/semafor/-/semafor-0.0.1.tgz#e5e021ce0ca31d65fcb5d98ab09124d3b9f043f8"
  dependencies:
    colors "^1.1.2"

sigmund@~1.0.0:
  version "1.0.1"
  resolved "https://registry.yarnpkg.com/sigmund/-/sigmund-1.0.1.tgz#3ff21f198cad2175f9f3b781853fd94d0d19b590"

underscore@~1.4.4:
  version "1.4.4"
  resolved "https://registry.yarnpkg.com/underscore/-/underscore-1.4.4.tgz#61a6a32010622afa07963bf325203cf12239d604"
